
Microsoft Visual Studio Solution File, Format Version 12.00
# Visual Studio 15
VisualStudioVersion = 15.0.27428.2027
MinimumVisualStudioVersion = 10.0.40219.1
Project("{FAE04EC0-301F-11D3-BF4B-00C04F79EFBC}") = "QRDecomposition", "QRDecomposition\QRDecomposition.csproj", "{B5FF7BF2-2EAB-40F5-8615-F2BA9447F5BB}"
EndProject
Global
	GlobalSection(SolutionConfigurationPlatforms) = preSolution
		Debug|Any CPU = Debug|Any CPU
		Release|Any CPU = Release|Any CPU
	EndGlobalSection
	GlobalSection(ProjectConfigurationPlatforms) = postSolution
		{B5FF7BF2-2EAB-40F5-8615-F2BA9447F5BB}.Debug|Any CPU.ActiveCfg = Debug|Any CPU
		{B5FF7BF2-2EAB-40F5-8615-F2BA9447F5BB}.Debug|Any CPU.Build.0 = Debug|Any CPU
		{B5FF7BF2-2EAB-40F5-8615-F2BA9447F5BB}.Release|Any CPU.ActiveCfg = Release|Any CPU
		{B5FF7BF2-2EAB-40F5-8615-F2BA9447F5BB}.Release|Any CPU.Build.0 = Release|Any CPU
	EndGlobalSection
	GlobalSection(SolutionProperties) = preSolution
		HideSolutionNode = FALSE
	EndGlobalSection
	GlobalSection(ExtensibilityGlobals) = postSolution
		SolutionGuid = {9AC7F8FD-59DC-45C7-86FF-FF3098481BA2}
	EndGlobalSection
EndGlobal
